github.com/MichaelS11/go-dht v0.1.0 h1:Ihf8xpZx/aprZ6A0x5rVVytLO+50unJo04SWvADwdjQ=
github.com/MichaelS11/go-dht v0.1.0/go.mod h1:NTx2rUi8kfs8Qk9Fotoyf/3lQnKBdc2mhyZqO4AhVLI=
github.com/gorilla/mux v1.8.0 h1:i40aqfkR1h2SlN9hojwV5ZA91wcXFOvkdNIeFDP5koI=
github.com/gorilla/mux v1.8.0/go.mod h1:DVbg23sWSpFRCP0SfiEN6jmj59UnW/n46BH5rLB71So=
periph.io/x/periph v3.6.6+incompatible h1:ovpqYLdWbnw1EuWml6MdoeoiAaCuvzUnX3imH/wGG5c=
periph.io/x/periph v3.6.6+incompatible/go.mod h1:EWr+FCIU2dBWz5/wSWeiIUJTriYv9v2j2ENBmgYyy7Y=
